PODS:
  - RevealMenuController (0.3.0):
    - SMIconLabel
  - SMIconLabel (0.4.0)

DEPENDENCIES:
  - RevealMenuController (from `../`)

EXTERNAL SOURCES:
  RevealMenuController:
    :path: "../"

SPEC CHECKSUMS:
  RevealMenuController: 48889304515041276463d0a5e89714f825fdf4bf
  SMIconLabel: a30e4316fb3d7808549005faa6a6798c06c2eeba

PODFILE CHECKSUM: 19554f4adb3b90dd550974034a9483ab226fca44

COCOAPODS: 1.1.0.rc.2
